github.com/cenkalti/backoff v2.2.1+incompatible h1:tNowT99t7UNflLxfYYSlKYsBpXdEet03Pg2g16Swow4=
github.com/cenkalti/backoff v2.2.1+incompatible/go.mod h1:90ReRw6GdpyfrHakVjL/QHaoyV4aDUVVkXQJJJ3NXXM=
github.com/cockroachdb/apd v1.1.0 h1:3LFP3629v+1aKXU5Q37mxmRxX/pIu1nijXydLShEq5I=
github.com/cockroachdb/apd v1.1.0/go.mod h1:8Sl8LxpKi29FqWXR16WEFZRNSz3SoPzUzeMeY4+DwBQ=
github.com/davecgh/go-spew v1.1.0/go.mod h1:J7Y8YcW2NihsgmVo/mv3lAwl/skON4iLHjSsI+c5H38=
github.com/davecgh/go-spew v1.1.1/go.mod h1:J7Y8YcW2NihsgmVo/mv3lAwl/skON4iLHjSsI+c5H38=
github.com/eknkc/amber v0.0.0-20171010120322-cdade1c07385/go.mod h1:0vRUJqYpeSZifjYj7uP3BG/gKcuzL9xWVV/Y+cK33KM=
github.com/garyburd/redigo v1.6.0 h1:0VruCpn7yAIIu7pWVClQC8wxCJEcG3nyzpMSHKi1PQc=
github.com/garyburd/redigo v1.6.0/go.mod h1:NR3MbYisc3/PwhQ00EMzDiPmrwpPxAn5GI05/YaO1SY=
github.com/go-sql-driver/mysql v1.4.0/go.mod h1:zAC/RDZ24gD3HViQzih4MyKcchzm+sOG5ZlKdlhCg5w=
github.com/go-zoo/bone v1.3.0 h1:PY6sHq37FnQhj+4ZyqFIzJQHvrrGx0GEc3vTZZC/OsI=
github.com/go-zoo/bone v1.3.0/go.mod h1:HI3Lhb7G3UQcAwEhOJ2WyNcsFtQX1WYHa0Hl4OBbhW8=
github.com/gosimple/slug v1.9.0 h1:r5vDcYrFz9BmfIAMC829un9hq7hKM4cHUrsv36LbEqs=
github.com/gosimple/slug v1.9.0/go.mod h1:AMZ+sOVe65uByN3kgEyf9WEBKBCSS+dJjMX9x4vDJbg=
github.com/jmoiron/sqlx v1.2.0 h1:41Ip0zITnmWNR/vHV+S4m+VoUivnWY5E4OJfLZjCJMA=
github.com/jmoiron/sqlx v1.2.0/go.mod h1:1FEQNm3xlJgrMD+FBdI9+xvCksHtbpVBBw5dYhBSsks=
github.com/kennygrant/sanitize v1.2.4 h1:gN25/otpP5vAsO2djbMhF/LQX6R7+O1TB4yv8NzpJ3o=
github.com/kennygrant/sanitize v1.2.4/go.mod h1:LGsjYYtgxbetdg5owWB2mpgUL6e2nfw2eObZ0u0qvak=
github.com/konsorten/go-windows-terminal-sequences v1.0.3/go.mod h1:T0+1ngSBFLxvqU3pZ+m/2kptfBszLMUkC4ZK/EgS/cQ=
github.com/leekchan/accounting v0.0.0-20191218023648-17a4ce5f94d4 h1:KZzDAtJ7ZLm0zSWVhN/zgyB8Ksx5H+P9irwbTcJ9FwI=
github.com/leekchan/accounting v0.0.0-20191218023648-17a4ce5f94d4/go.mod h1:3timm6YPhY3YDaGxl0q3eaflX0eoSx3FXn7ckHe4tO0=
github.com/lib/pq v1.0.0/go.mod h1:5WUZQaWbwv1U+lTReE5YruASi9Al49XbQIvNi/34Woo=
github.com/lib/pq v1.4.0 h1:TmtCFbH+Aw0AixwyttznSMQDgbR5Yed/Gg6S8Funrhc=
github.com/lib/pq v1.4.0/go.mod h1:5WUZQaWbwv1U+lTReE5YruASi9Al49XbQIvNi/34Woo=
github.com/mattn/go-sqlite3 v1.9.0/go.mod h1:FPy6KqzDD04eiIsT53CuJW3U88zkxoIYsOqkbpncsNc=
github.com/mgutz/jo v1.1.0/go.mod h1:N638tkDlOBlY8fcrY6JMX/homNKJqXr+nG3MVTYWffk=
github.com/mgutz/str v1.2.0 h1:4IzWSdIz9qPQWLfKZ0rJcV0jcUDpxvP4JVZ4GXQyvSw=
github.com/mgutz/str v1.2.0/go.mod h1:w1v0ofgLaJdoD0HpQ3fycxKD1WtxpjSo151pK/31q6w=
github.com/mgutz/to v1.0.0/go.mod h1:frEfNDHS+97/hJI/aqaT4Rm+utwYs1T7NLNUjxLk+N8=
github.com/nerdynz/dat v1.3.0 h1:80W1O+VI2KVD+ze5H76wv/zkz993y0IYU+bOsPkVVTo=
github.com/nerdynz/dat v1.3.0/go.mod h1:dbFTvvuzAt5JkWfpamVJfpF7NCuMrft4/fWU7HpLepQ=
github.com/nerdynz/datastore v0.0.0-20200402045006-0f63cc077d94 h1:HnG1YyI6k+v2vFeI2XOVYvIXdenmMoRbAVwY68ezKGo=
github.com/nerdynz/datastore v0.0.0-20200402045006-0f63cc077d94/go.mod h1:R6+uugRBSoDxBWzREYMNZnbAbTZ+6GyWBTrBV65Pugk=
github.com/nerdynz/fileupload v1.0.0 h1:yAP0e8x8LyyBXeJfpqAyjAnUZ2fGw+69MjrKn+nOWjc=
github.com/nerdynz/fileupload v1.0.0/go.mod h1:z/NdnIbowNFXloKouUlu1RQvJOxQObWC8urMhA7+Dzg=
github.com/nerdynz/flow v0.0.0-20200722094255-e054cd243b6e h1:xja1Lqrnh+V2WBEgC/dlhf+pR0CGKYh9YQe1HgMSr+4=
github.com/nerdynz/flow v0.0.0-20200722094255-e054cd243b6e/go.mod h1:8vlaFOaklYP3eOw2DQhd9zlEuwCImiofU6LhSQQmO0c=
github.com/nerdynz/helpers v0.0.0-20190226043921-0343a8e79a0b h1:g7O+kqNXbK6gEhNpbUm3OfMsUI4w3kXG2OUA9r1kvUI=
github.com/nerdynz/helpers v0.0.0-20190226043921-0343a8e79a0b/go.mod h1:qNZPN39yoDEILEkhNsUh/+fzKm3ryppzjTRg2QAY130=
github.com/nerdynz/pdf v0.0.0-20200322072211-bd43546f4152 h1:jsXrDqZvm//ah2aqob27Lj6S6goZ0c4lnERNMAuAt94=
github.com/nerdynz/pdf v0.0.0-20200322072211-bd43546f4152/go.mod h1:uB5+dT7DySiKinP369xL23hEax26l4f3NGnpR+YuFYI=
github.com/nerdynz/router v0.0.0-20191120232907-7d5767e9e0e7 h1:YdTC3DHyl2j4VAJNnYUrWY/RKguqcfbWyJmPgB4t/bw=
github.com/nerdynz/router v0.0.0-20191120232907-7d5767e9e0e7/go.mod h1:OrEB85NINtquJPTPnMOntFiAORRzH0PxNLrQJLTvCAQ=
github.com/nerdynz/schwifty v0.0.0-20200528093121-4a0572c1d4a7 h1:+ngI4BKmCU5enopXAWHSnPIDmtET7TwoivNJN5aCd6s=
github.com/nerdynz/security v0.0.0-20200722094918-c9da0af68175 h1:GT7kO+/ZS4JubHFu96E4Lts/2yvZM0/vCpQbYMiiw/s=
github.com/nerdynz/security v0.0.0-20200722094918-c9da0af68175/go.mod h1:cH6aQ2zcyQC1ERdxDBrzwrXvclSi3DmXpBES0CNKRgU=
github.com/nerdynz/view v0.0.0-20170422022719-673f2075b045 h1:JFKl6HSVc0tlXH1s024kSy2iQucpKA7Y5pxd8V5kuWU=
github.com/nerdynz/view v0.0.0-20170422022719-673f2075b045/go.mod h1:Nz3dzq81jFm50aHyzvgzcNZXJoAYBuebOzELXVJ7Ac4=
github.com/oklog/ulid v1.3.1 h1:EGfNDEx6MqHz8B3uNV6QAib1UR2Lm97sHi3ocA6ESJ4=
github.com/oklog/ulid v1.3.1/go.mod h1:CirwcVhetQ6Lv90oh/F+FBtV6XMibvdAFo93nm5qn4U=
github.com/pkg/errors v0.8.1 h1:iURUrRGxPUNPdy5/HRSm+Yj6okJ6UtLINN0Q9M4+h3I=
github.com/pkg/errors v0.8.1/go.mod h1:bwawxfHBFNV+L2hUp1rHADufV3IMtnDRdf1r5NINEl0=
github.com/pmezard/go-difflib v1.0.0/go.mod h1:iKH77koFhYxTK1pcRnkKkqfTogsbg7gZNVY4sRDYZ/4=
github.com/pmylund/go-cache v2.1.0+incompatible h1:n+7K51jLz6a3sCvff3BppuCAkixuDHuJ/C57Vw/XjTE=
github.com/pmylund/go-cache v2.1.0+incompatible/go.mod h1:hmz95dGvINpbRZGsqPcd7B5xXY5+EKb5PpGhQY3NTHk=
github.com/rainycape/unidecode v0.0.0-20150907023854-cb7f23ec59be h1:ta7tUOvsPHVHGom5hKW5VXNc2xZIkfCKP8iaqOyYtUQ=
github.com/rainycape/unidecode v0.0.0-20150907023854-cb7f23ec59be/go.mod h1:MIDFMn7db1kT65GmV94GzpX9Qdi7N/pQlwb+AN8wh+Q=
github.com/satori/go.uuid v1.2.0 h1:0uYX9dsZ2yD7q2RtLRtPSdGDWzjeM3TbMJP9utgA0ww=
github.com/satori/go.uuid v1.2.0/go.mod h1:dA0hQrYB0VpLJoorglMZABFdXlWrHn1NEOzdhQKdks0=
github.com/shopspring/decimal v0.0.0-20180709203117-cd690d0c9e24 h1:pntxY8Ary0t43dCZ5dqY4YTJCObLY1kIXl0uzMv+7DE=
github.com/shopspring/decimal v0.0.0-20180709203117-cd690d0c9e24/go.mod h1:M+9NzErvs504Cn4c5DxATwIqPbtswREoFCre64PpcG4=
github.com/sirupsen/logrus v1.6.0 h1:UBcNElsrwanuuMsnGSlYmtmgbb23qDR5dG+6X6Oo89I=
github.com/sirupsen/logrus v1.6.0/go.mod h1:7uNnSEd1DgxDLC74fIahvMZmmYsHGZGEOFrfsX/uA88=
github.com/stretchr/objx v0.1.0/go.mod h1:HFkY916IF+rwdDfMAkV7OtwuqBVzrE8GR6GFx+wExME=
github.com/stretchr/testify v1.2.2/go.mod h1:a8OnRcib4nhh0OaRAV+Yts87kKdq0PP7pXfy6kDkUVs=
github.com/stretchr/testify v1.5.1/go.mod h1:5W2xD1RspED5o8YsWQXVCued0rvSQ+mT+I5cxcmMvtA=
github.com/unrolled/render v1.0.3 h1:baO+NG1bZSF2WR4zwh+0bMWauWky7DVrTOfvE2w+aFo=
github.com/unrolled/render v1.0.3/go.mod h1:gN9T0NhL4Bfbwu8ann7Ry/TGHYfosul+J0obPf6NBdM=
golang.org/x/crypto v0.0.0-20190308221718-c2843e01d9a2/go.mod h1:djNgcEr1/C05ACkg1iLfiJU5Ep61QUkGW8qpdssI0+w=
golang.org/x/net v0.0.0-20200421231249-e086a090c8fd h1:QPwSajcTUrFriMF1nJ3XzgoqakqQEsnZf9LdXdi2nkI=
golang.org/x/net v0.0.0-20200421231249-e086a090c8fd/go.mod h1:qpuaurCH72eLCgpAm/N6yyVIVM9cpaDIP3A8BGJEC5A=
golang.org/x/sys v0.0.0-20190215142949-d0b11bdaac8a/go.mod h1:STP8DvDyc/dI5b8T5hshtkjS+E42TnysNCUPdjciGhY=
golang.org/x/sys v0.0.0-20190422165155-953cdadca894 h1:Cz4ceDQGXuKRnVBDTS23GTn/pU5OE2C0WrNTOYK1Uuc=
golang.org/x/sys v0.0.0-20190422165155-953cdadca894/go.mod h1:h1NjWce9XRLGQEsW7wpKNCjG9DtNlClVuFLEZdDNbEs=
golang.org/x/sys v0.0.0-20200323222414-85ca7c5b95cd h1:xhmwyvizuTgC2qz7ZlMluP20uW+C3Rm0FD/WLDX8884=
golang.org/x/sys v0.0.0-20200323222414-85ca7c5b95cd/go.mod h1:h1NjWce9XRLGQEsW7wpKNCjG9DtNlClVuFLEZdDNbEs=
golang.org/x/text v0.3.0/go.mod h1:NqM8EUOU14njkJ3fqMW+pc6Ldnwhi/IjpwHt7yyuwOQ=
gopkg.in/check.v1 v0.0.0-20161208181325-20d25e280405/go.mod h1:Co6ibVJAznAaIkqp8huTwlJQCZ016jof/cbN4VW5Yz0=
gopkg.in/mattes/migrate.v1 v1.3.2 h1:tWus4MPMhDY/htX+NCvASiQVRU2pj4Jyj4T8AIv6vUw=
gopkg.in/mattes/migrate.v1 v1.3.2/go.mod h1:9MM/XKbic94WtsLpsWJqUBGrOE+x9nxBI8hfKAfSAF0=
gopkg.in/yaml.v2 v2.2.2/go.mod h1:hI93XBmqTisBFMUTm0b8Fm+jr3Dg1NNxqwp+5A1VGuI=
